
Microsoft Visual Studio Solution File, Format Version 12.00
# Visual Studio 14
VisualStudioVersion = 14.0.25420.1
MinimumVisualStudioVersion = 10.0.40219.1
Project("{2150E333-8FDC-42A3-9474-1A3956D46DE8}") = "Site", "Site", "{F06A6B8B-4F95-4CAB-A4D5-F5F8D1E81332}"
EndProject
Project("{2150E333-8FDC-42A3-9474-1A3956D46DE8}") = "0-Presentation", "0-Presentation", "{12B79A2E-02CF-425A-B6EE-2A4C4D5BE5B6}"
EndProject
Project("{FAE04EC0-301F-11D3-BF4B-00C04F79EFBC}") = "SignalRChat.Site.WebApi", "Site\SignalRChat.Site.WebApi\SignalRChat.Site.WebApi.csproj", "{4B6213E9-F1ED-4B73-9E16-EA4503CCE516}"
EndProject
Project("{2150E333-8FDC-42A3-9474-1A3956D46DE8}") = "1-DistributedServices", "1-DistributedServices", "{0C79FC9F-7E1A-4526-A624-8C08B0D5A583}"
EndProject
Project("{2150E333-8FDC-42A3-9474-1A3956D46DE8}") = "2-Application", "2-Application", "{E74C2DEF-A143-4564-A1CA-AD671F18C93B}"
EndProject
Project("{2150E333-8FDC-42A3-9474-1A3956D46DE8}") = "3-Domain", "3-Domain", "{1757EB00-C497-49FC-B571-93950AA2C8F0}"
EndProject
Project("{2150E333-8FDC-42A3-9474-1A3956D46DE8}") = "4-Infrastructure", "4-Infrastructure", "{14654AEC-4003-4656-A947-BD7A14AE997D}"
EndProject
Project("{FAE04EC0-301F-11D3-BF4B-00C04F79EFBC}") = "SignalRChat.Site.Domain", "Site\SignalRChat.Site.Domain\SignalRChat.Site.Domain.csproj", "{3EB88C0B-9745-4530-9166-4EC53458FB6B}"
EndProject
Project("{FAE04EC0-301F-11D3-BF4B-00C04F79EFBC}") = "SignalRChat.Site.DataAccess.MariaDB", "Site\SignalRChat.Site.DataAccess.MariaDB\SignalRChat.Site.DataAccess.MariaDB.csproj", "{E797C207-A912-4C48-A332-58B77E3F26A9}"
EndProject
Project("{FAE04EC0-301F-11D3-BF4B-00C04F79EFBC}") = "SignalRChat.Site.ServiceLibrary", "Site\SignalRChat.Site.ServiceLibrary\SignalRChat.Site.ServiceLibrary.csproj", "{D13F8E69-A0FD-468E-9BCA-DEE52BABA3CE}"
EndProject
Project("{2150E333-8FDC-42A3-9474-1A3956D46DE8}") = "Framework", "Framework", "{D17E2ED5-10BC-4A97-A252-B4E0AB8B5CDA}"
EndProject
Project("{2150E333-8FDC-42A3-9474-1A3956D46DE8}") = "Data", "Data", "{14A161E5-1A08-4184-9537-FBB4615A92C7}"
EndProject
Project("{FAE04EC0-301F-11D3-BF4B-00C04F79EFBC}") = "SignalRChat.Data", "Framework\SignalRChat.Data\SignalRChat.Data.csproj", "{9FD73338-22D9-419A-BFC1-D9CFAD7CC5B3}"
EndProject
Project("{2150E333-8FDC-42A3-9474-1A3956D46DE8}") = "ErrorControl", "ErrorControl", "{076F8E26-6A86-4B1C-B0A7-2C90A102841A}"
EndProject
Project("{FAE04EC0-301F-11D3-BF4B-00C04F79EFBC}") = "SignalRChat.ErrorControl", "Framework\SignalRChat.ErrorControl\SignalRChat.ErrorControl.csproj", "{F8A2D9EF-890F-4B52-A9FF-BD279F467A10}"
EndProject
Project("{2150E333-8FDC-42A3-9474-1A3956D46DE8}") = "Utilities", "Utilities", "{F13A2999-C19F-49A2-85F5-6D80222E93FD}"
EndProject
Project("{FAE04EC0-301F-11D3-BF4B-00C04F79EFBC}") = "SignalRChat.Utilities", "Framework\SignalRChat.Utilities\SignalRChat.Utilities.csproj", "{81A392DE-8A64-426A-90A7-5B4931280DF0}"
EndProject
Project("{2150E333-8FDC-42A3-9474-1A3956D46DE8}") = "Configuration", "Configuration", "{223883D4-5BE7-4D32-B42B-7CACECE3576A}"
EndProject
Project("{FAE04EC0-301F-11D3-BF4B-00C04F79EFBC}") = "SignalRChat.Configuration", "Framework\SignalRChat.Configuration\SignalRChat.Configuration.csproj", "{1E5E221F-238E-4AEA-B421-70909D01EB12}"
EndProject
Project("{FAE04EC0-301F-11D3-BF4B-00C04F79EFBC}") = "SignalRChat.Configuration.DataAccess.MariaDB", "Framework\SignalRChat.Configuration.DataAccess.MariaDB\SignalRChat.Configuration.DataAccess.MariaDB.csproj", "{C42EF6F7-8F80-40D1-B90D-16DF31054E1D}"
EndProject
Global
	GlobalSection(SolutionConfigurationPlatforms) = preSolution
		Debug|Any CPU = Debug|Any CPU
		Release|Any CPU = Release|Any CPU
	EndGlobalSection
	GlobalSection(ProjectConfigurationPlatforms) = postSolution
		{4B6213E9-F1ED-4B73-9E16-EA4503CCE516}.Debug|Any CPU.ActiveCfg = Debug|Any CPU
		{4B6213E9-F1ED-4B73-9E16-EA4503CCE516}.Debug|Any CPU.Build.0 = Debug|Any CPU
		{4B6213E9-F1ED-4B73-9E16-EA4503CCE516}.Release|Any CPU.ActiveCfg = Release|Any CPU
		{4B6213E9-F1ED-4B73-9E16-EA4503CCE516}.Release|Any CPU.Build.0 = Release|Any CPU
		{3EB88C0B-9745-4530-9166-4EC53458FB6B}.Debug|Any CPU.ActiveCfg = Debug|Any CPU
		{3EB88C0B-9745-4530-9166-4EC53458FB6B}.Debug|Any CPU.Build.0 = Debug|Any CPU
		{3EB88C0B-9745-4530-9166-4EC53458FB6B}.Release|Any CPU.ActiveCfg = Release|Any CPU
		{3EB88C0B-9745-4530-9166-4EC53458FB6B}.Release|Any CPU.Build.0 = Release|Any CPU
		{E797C207-A912-4C48-A332-58B77E3F26A9}.Debug|Any CPU.ActiveCfg = Debug|Any CPU
		{E797C207-A912-4C48-A332-58B77E3F26A9}.Debug|Any CPU.Build.0 = Debug|Any CPU
		{E797C207-A912-4C48-A332-58B77E3F26A9}.Release|Any CPU.ActiveCfg = Release|Any CPU
		{E797C207-A912-4C48-A332-58B77E3F26A9}.Release|Any CPU.Build.0 = Release|Any CPU
		{D13F8E69-A0FD-468E-9BCA-DEE52BABA3CE}.Debug|Any CPU.ActiveCfg = Debug|Any CPU
		{D13F8E69-A0FD-468E-9BCA-DEE52BABA3CE}.Debug|Any CPU.Build.0 = Debug|Any CPU
		{D13F8E69-A0FD-468E-9BCA-DEE52BABA3CE}.Release|Any CPU.ActiveCfg = Release|Any CPU
		{D13F8E69-A0FD-468E-9BCA-DEE52BABA3CE}.Release|Any CPU.Build.0 = Release|Any CPU
		{9FD73338-22D9-419A-BFC1-D9CFAD7CC5B3}.Debug|Any CPU.ActiveCfg = Debug|Any CPU
		{9FD73338-22D9-419A-BFC1-D9CFAD7CC5B3}.Debug|Any CPU.Build.0 = Debug|Any CPU
		{9FD73338-22D9-419A-BFC1-D9CFAD7CC5B3}.Release|Any CPU.ActiveCfg = Release|Any CPU
		{9FD73338-22D9-419A-BFC1-D9CFAD7CC5B3}.Release|Any CPU.Build.0 = Release|Any CPU
		{F8A2D9EF-890F-4B52-A9FF-BD279F467A10}.Debug|Any CPU.ActiveCfg = Debug|Any CPU
		{F8A2D9EF-890F-4B52-A9FF-BD279F467A10}.Debug|Any CPU.Build.0 = Debug|Any CPU
		{F8A2D9EF-890F-4B52-A9FF-BD279F467A10}.Release|Any CPU.ActiveCfg = Release|Any CPU
		{F8A2D9EF-890F-4B52-A9FF-BD279F467A10}.Release|Any CPU.Build.0 = Release|Any CPU
		{81A392DE-8A64-426A-90A7-5B4931280DF0}.Debug|Any CPU.ActiveCfg = Debug|Any CPU
		{81A392DE-8A64-426A-90A7-5B4931280DF0}.Debug|Any CPU.Build.0 = Debug|Any CPU
		{81A392DE-8A64-426A-90A7-5B4931280DF0}.Release|Any CPU.ActiveCfg = Release|Any CPU
		{81A392DE-8A64-426A-90A7-5B4931280DF0}.Release|Any CPU.Build.0 = Release|Any CPU
		{1E5E221F-238E-4AEA-B421-70909D01EB12}.Debug|Any CPU.ActiveCfg = Debug|Any CPU
		{1E5E221F-238E-4AEA-B421-70909D01EB12}.Debug|Any CPU.Build.0 = Debug|Any CPU
		{1E5E221F-238E-4AEA-B421-70909D01EB12}.Release|Any CPU.ActiveCfg = Release|Any CPU
		{1E5E221F-238E-4AEA-B421-70909D01EB12}.Release|Any CPU.Build.0 = Release|Any CPU
		{C42EF6F7-8F80-40D1-B90D-16DF31054E1D}.Debug|Any CPU.ActiveCfg = Debug|Any CPU
		{C42EF6F7-8F80-40D1-B90D-16DF31054E1D}.Debug|Any CPU.Build.0 = Debug|Any CPU
		{C42EF6F7-8F80-40D1-B90D-16DF31054E1D}.Release|Any CPU.ActiveCfg = Release|Any CPU
		{C42EF6F7-8F80-40D1-B90D-16DF31054E1D}.Release|Any CPU.Build.0 = Release|Any CPU
	EndGlobalSection
	GlobalSection(SolutionProperties) = preSolution
		HideSolutionNode = FALSE
	EndGlobalSection
	GlobalSection(NestedProjects) = preSolution
		{12B79A2E-02CF-425A-B6EE-2A4C4D5BE5B6} = {F06A6B8B-4F95-4CAB-A4D5-F5F8D1E81332}
		{4B6213E9-F1ED-4B73-9E16-EA4503CCE516} = {12B79A2E-02CF-425A-B6EE-2A4C4D5BE5B6}
		{0C79FC9F-7E1A-4526-A624-8C08B0D5A583} = {F06A6B8B-4F95-4CAB-A4D5-F5F8D1E81332}
		{E74C2DEF-A143-4564-A1CA-AD671F18C93B} = {F06A6B8B-4F95-4CAB-A4D5-F5F8D1E81332}
		{1757EB00-C497-49FC-B571-93950AA2C8F0} = {F06A6B8B-4F95-4CAB-A4D5-F5F8D1E81332}
		{14654AEC-4003-4656-A947-BD7A14AE997D} = {F06A6B8B-4F95-4CAB-A4D5-F5F8D1E81332}
		{3EB88C0B-9745-4530-9166-4EC53458FB6B} = {1757EB00-C497-49FC-B571-93950AA2C8F0}
		{E797C207-A912-4C48-A332-58B77E3F26A9} = {14654AEC-4003-4656-A947-BD7A14AE997D}
		{D13F8E69-A0FD-468E-9BCA-DEE52BABA3CE} = {E74C2DEF-A143-4564-A1CA-AD671F18C93B}
		{14A161E5-1A08-4184-9537-FBB4615A92C7} = {D17E2ED5-10BC-4A97-A252-B4E0AB8B5CDA}
		{9FD73338-22D9-419A-BFC1-D9CFAD7CC5B3} = {14A161E5-1A08-4184-9537-FBB4615A92C7}
		{076F8E26-6A86-4B1C-B0A7-2C90A102841A} = {D17E2ED5-10BC-4A97-A252-B4E0AB8B5CDA}
		{F8A2D9EF-890F-4B52-A9FF-BD279F467A10} = {076F8E26-6A86-4B1C-B0A7-2C90A102841A}
		{F13A2999-C19F-49A2-85F5-6D80222E93FD} = {D17E2ED5-10BC-4A97-A252-B4E0AB8B5CDA}
		{81A392DE-8A64-426A-90A7-5B4931280DF0} = {F13A2999-C19F-49A2-85F5-6D80222E93FD}
		{223883D4-5BE7-4D32-B42B-7CACECE3576A} = {D17E2ED5-10BC-4A97-A252-B4E0AB8B5CDA}
		{1E5E221F-238E-4AEA-B421-70909D01EB12} = {223883D4-5BE7-4D32-B42B-7CACECE3576A}
		{C42EF6F7-8F80-40D1-B90D-16DF31054E1D} = {223883D4-5BE7-4D32-B42B-7CACECE3576A}
	EndGlobalSection
EndGlobal
